
Microsoft Visual Studio Solution File, Format Version 12.00
# Visual Studio Version 17
VisualStudioVersion = 17.5.33414.496
MinimumVisualStudioVersion = 10.0.40219.1
Project("{FAE04EC0-301F-11D3-BF4B-00C04F79EFBC}") = "Samostalni-2026-Pavle-StanojevicB", "Samostalni-2026-Pavle-StanojevicB.csproj", "{15B05F18-120B-4A05-B8E8-A605E38FF967}"
EndProject
Global
	GlobalSection(SolutionConfigurationPlatforms) = preSolution
		Debug|Any CPU = Debug|Any CPU
		Release|Any CPU = Release|Any CPU
	EndGlobalSection
	GlobalSection(ProjectConfigurationPlatforms) = postSolution
		{15B05F18-120B-4A05-B8E8-A605E38FF967}.Debug|Any CPU.ActiveCfg = Debug|Any CPU
		{15B05F18-120B-4A05-B8E8-A605E38FF967}.Debug|Any CPU.Build.0 = Debug|Any CPU
		{15B05F18-120B-4A05-B8E8-A605E38FF967}.Release|Any CPU.ActiveCfg = Release|Any CPU
		{15B05F18-120B-4A05-B8E8-A605E38FF967}.Release|Any CPU.Build.0 = Release|Any CPU
	EndGlobalSection
	GlobalSection(SolutionProperties) = preSolution
		HideSolutionNode = FALSE
	EndGlobalSection
	GlobalSection(ExtensibilityGlobals) = postSolution
		SolutionGuid = {B1DD1B47-C602-4753-95E4-4BCE28D4BF7A}
	EndGlobalSection
EndGlobal
